// !$*UTF8*$!
{
	archiveVersion = 1;
	classes = {
	};
	objectVersion = 52;
	objects = {

/* Begin PBXBuildFile section */
		26ECBC95283607EA004189F6 /* CoordinateEntryViewController.swift in Sources */ = {isa = PBXBuildFile; fileRef = 26ECBC94283607EA004189F6 /* CoordinateEntryViewController.swift */; };
		4B65C3CB778AB667F77D403B /* Pods_demo.framework in Frameworks */ = {isa = PBXBuildFile; fileRef = A4B1DC9D4D88574E42C55C63 /* Pods_demo.framework */; };
		532BFBA926DEA05B00868EAD /* AppDelegate.swift in Sources */ = {isa = PBXBuildFile; fileRef = 532BFBA826DEA05B00868EAD /* AppDelegate.swift */; };
		532BFBAB26DEA05B00868EAD /* SceneDelegate.swift in Sources */ = {isa = PBXBuildFile; fileRef = 532BFBAA26DEA05B00868EAD /* SceneDelegate.swift */; };
		532BFBAD26DEA05B00868EAD /* MainViewController.swift in Sources */ = {isa = PBXBuildFile; fileRef = 532BFBAC26DEA05B00868EAD /* MainViewController.swift */; };
		532BFBB226DEA05D00868EAD /* Assets.xcassets in Resources */ = {isa = PBXBuildFile; fileRef = 532BFBB126DEA05D00868EAD /* Assets.xcassets */; };
		532BFBB526DEA05D00868EAD /* LaunchScreen.storyboard in Resources */ = {isa = PBXBuildFile; fileRef = 532BFBB326DEA05D00868EAD /* LaunchScreen.storyboard */; };
		532BFBBE26DEAD3300868EAD /* Trailze.xcframework in Frameworks */ = {isa = PBXBuildFile; fileRef = 532BFBBC26DEAD3300868EAD /* Trailze.xcframework */; };
		532BFBBF26DEAD3300868EAD /* TrailzeResourceBundle.bundle in Resources */ = {isa = PBXBuildFile; fileRef = 532BFBBD26DEAD3300868EAD /* TrailzeResourceBundle.bundle */; };
		532BFBC026DEAD4200868EAD /* TrailzeResourceBundle.bundle in Embed PlugIns */ = {isa = PBXBuildFile; fileRef = 532BFBBD26DEAD3300868EAD /* TrailzeResourceBundle.bundle */; settings = {ATTRIBUTES = (CodeSignOnCopy, RemoveHeadersOnCopy, ); }; };
		536147DA275E06F000BE68C8 /* ManeuverAndDistanceViewController.swift in Sources */ = {isa = PBXBuildFile; fileRef = 536147D9275E06F000BE68C8 /* ManeuverAndDistanceViewController.swift */; };
		53A51B04275A14C400367D49 /* ModuleSelectionViewController.swift in Sources */ = {isa = PBXBuildFile; fileRef = 53A51B03275A128400367D49 /* ModuleSelectionViewController.swift */; };
		53A51B05275A14CB00367D49 /* InstructionViewController.swift in Sources */ = {isa = PBXBuildFile; fileRef = 53A51AFE275A127400367D49 /* InstructionViewController.swift */; };
		53A51B06275A14CE00367D49 /* ModularMapNavigationViewController.swift in Sources */ = {isa = PBXBuildFile; fileRef = 53A51AFF275A127400367D49 /* ModularMapNavigationViewController.swift */; };
		53A51B07275A14D100367D49 /* ManeuverViewController.swift in Sources */ = {isa = PBXBuildFile; fileRef = 53A51B00275A127400367D49 /* ManeuverViewController.swift */; };
		53A51B08275A14D300367D49 /* TimeAndDistanceViewController.swift in Sources */ = {isa = PBXBuildFile; fileRef = 53A51B01275A127400367D49 /* TimeAndDistanceViewController.swift */; };
		53A51B09275A14D600367D49 /* MaplessTimeAndDistanceViewController.swift in Sources */ = {isa = PBXBuildFile; fileRef = 53A51AFB275A126B00367D49 /* MaplessTimeAndDistanceViewController.swift */; };
		53A51B0A275A14D900367D49 /* ModularMaplessNavigationViewController.swift in Sources */ = {isa = PBXBuildFile; fileRef = 53A51AFC275A126B00367D49 /* ModularMaplessNavigationViewController.swift */; };
		53A51B0D275A213700367D49 /* AddressSearchViewController.swift in Sources */ = {isa = PBXBuildFile; fileRef = 53A51B0C275A213700367D49 /* AddressSearchViewController.swift */; };
/* End PBXBuildFile section */

/* Begin PBXCopyFilesBuildPhase section */
		532BFBC126DEAD4200868EAD /* Embed PlugIns */ = {
			isa = PBXCopyFilesBuildPhase;
			buildActionMask = 2147483647;
			dstPath = "";
			dstSubfolderSpec = 13;
			files = (
				532BFBC026DEAD4200868EAD /* TrailzeResourceBundle.bundle in Embed PlugIns */,
			);
			name = "Embed PlugIns";
			runOnlyForDeploymentPostprocessing = 0;
		};
/* End PBXCopyFilesBuildPhase section */

/* Begin PBXFileReference section */
		06BB81834E0317632DF38DE8 /* Pods-demo.release.xcconfig */ = {isa = PBXFileReference; includeInIndex = 1; lastKnownFileType = text.xcconfig; name = "Pods-demo.release.xcconfig"; path = "Target Support Files/Pods-demo/Pods-demo.release.xcconfig"; sourceTree = "<group>"; };
		26ECBC94283607EA004189F6 /* CoordinateEntryViewController.swift */ = {isa = PBXFileReference; lastKnownFileType = sourcecode.swift; path = CoordinateEntryViewController.swift; sourceTree = "<group>"; };
		532BFBA526DEA05B00868EAD /* demo.app */ = {isa = PBXFileReference; explicitFileType = wrapper.application; includeInIndex = 0; path = demo.app; sourceTree = BUILT_PRODUCTS_DIR; };
		532BFBA826DEA05B00868EAD /* AppDelegate.swift */ = {isa = PBXFileReference; lastKnownFileType = sourcecode.swift; path = AppDelegate.swift; sourceTree = "<group>"; };
		532BFBAA26DEA05B00868EAD /* SceneDelegate.swift */ = {isa = PBXFileReference; lastKnownFileType = sourcecode.swift; path = SceneDelegate.swift; sourceTree = "<group>"; };
		532BFBAC26DEA05B00868EAD /* MainViewController.swift */ = {isa = PBXFileReference; lastKnownFileType = sourcecode.swift; path = MainViewController.swift; sourceTree = "<group>"; };
		532BFBB126DEA05D00868EAD /* Assets.xcassets */ = {isa = PBXFileReference; lastKnownFileType = folder.assetcatalog; path = Assets.xcassets; sourceTree = "<group>"; };
		532BFBB426DEA05D00868EAD /* Base */ = {isa = PBXFileReference; lastKnownFileType = file.storyboard; name = Base; path = Base.lproj/LaunchScreen.storyboard; sourceTree = "<group>"; };
		532BFBB626DEA05D00868EAD /* Info.plist */ = {isa = PBXFileReference; lastKnownFileType = text.plist.xml; path = Info.plist; sourceTree = "<group>"; };
		532BFBBC26DEAD3300868EAD /* Trailze.xcframework */ = {isa = PBXFileReference; lastKnownFileType = wrapper.xcframework; path = Trailze.xcframework; sourceTree = "<group>"; };
		532BFBBD26DEAD3300868EAD /* TrailzeResourceBundle.bundle */ = {isa = PBXFileReference; lastKnownFileType = "wrapper.plug-in"; path = TrailzeResourceBundle.bundle; sourceTree = "<group>"; };
		536147D9275E06F000BE68C8 /* ManeuverAndDistanceViewController.swift */ = {isa = PBXFileReference; lastKnownFileType = sourcecode.swift; path = ManeuverAndDistanceViewController.swift; sourceTree = "<group>"; };
		53A51AFB275A126B00367D49 /* MaplessTimeAndDistanceViewController.swift */ = {isa = PBXFileReference; lastKnownFileType = sourcecode.swift; path = MaplessTimeAndDistanceViewController.swift; sourceTree = "<group>"; };
		53A51AFC275A126B00367D49 /* ModularMaplessNavigationViewController.swift */ = {isa = PBXFileReference; lastKnownFileType = sourcecode.swift; path = ModularMaplessNavigationViewController.swift; sourceTree = "<group>"; };
		53A51AFE275A127400367D49 /* InstructionViewController.swift */ = {isa = PBXFileReference; lastKnownFileType = sourcecode.swift; path = InstructionViewController.swift; sourceTree = "<group>"; };
		53A51AFF275A127400367D49 /* ModularMapNavigationViewController.swift */ = {isa = PBXFileReference; lastKnownFileType = sourcecode.swift; path = ModularMapNavigationViewController.swift; sourceTree = "<group>"; };
		53A51B00275A127400367D49 /* ManeuverViewController.swift */ = {isa = PBXFileReference; lastKnownFileType = sourcecode.swift; path = ManeuverViewController.swift; sourceTree = "<group>"; };
		53A51B01275A127400367D49 /* TimeAndDistanceViewController.swift */ = {isa = PBXFileReference; lastKnownFileType = sourcecode.swift; path = TimeAndDistanceViewController.swift; sourceTree = "<group>"; };
		53A51B03275A128400367D49 /* ModuleSelectionViewController.swift */ = {isa = PBXFileReference; lastKnownFileType = sourcecode.swift; path = ModuleSelectionViewController.swift; sourceTree = "<group>"; };
		53A51B0C275A213700367D49 /* AddressSearchViewController.swift */ = {isa = PBXFileReference; lastKnownFileType = sourcecode.swift; path = AddressSearchViewController.swift; sourceTree = "<group>"; };
		A4B1DC9D4D88574E42C55C63 /* Pods_demo.framework */ = {isa = PBXFileReference; explicitFileType = wrapper.framework; includeInIndex = 0; path = Pods_demo.framework; sourceTree = BUILT_PRODUCTS_DIR; };
		A69BA763644F61D4CD90D72E /* Pods-demo.debug.xcconfig */ = {isa = PBXFileReference; includeInIndex = 1; lastKnownFileType = text.xcconfig; name = "Pods-demo.debug.xcconfig"; path = "Target Support Files/Pods-demo/Pods-demo.debug.xcconfig"; sourceTree = "<group>"; };
/* End PBXFileReference section */

/* Begin PBXFrameworksBuildPhase section */
		532BFBA226DEA05B00868EAD /* Frameworks */ = {
			isa = PBXFrameworksBuildPhase;
			buildActionMask = 2147483647;
			files = (
				532BFBBE26DEAD3300868EAD /* Trailze.xcframework in Frameworks */,
				4B65C3CB778AB667F77D403B /* Pods_demo.framework in Frameworks */,
			);
			runOnlyForDeploymentPostprocessing = 0;
		};
/* End PBXFrameworksBuildPhase section */

/* Begin PBXGroup section */
		532BFB9C26DEA05A00868EAD = {
			isa = PBXGroup;
			children = (
				532BFBBC26DEAD3300868EAD /* Trailze.xcframework */,
				532BFBBD26DEAD3300868EAD /* TrailzeResourceBundle.bundle */,
				532BFBA726DEA05B00868EAD /* demo */,
				532BFBA626DEA05B00868EAD /* Products */,
				868AF1F4A4D4504B45FA76BA /* Pods */,
				58DD37E22008336D2B1C7E1E /* Frameworks */,
			);
			sourceTree = "<group>";
		};
		532BFBA626DEA05B00868EAD /* Products */ = {
			isa = PBXGroup;
			children = (
				532BFBA526DEA05B00868EAD /* demo.app */,
			);
			name = Products;
			sourceTree = "<group>";
		};
		532BFBA726DEA05B00868EAD /* demo */ = {
			isa = PBXGroup;
			children = (
				53A51AF9275A125400367D49 /* ViewControllers */,
				532BFBA826DEA05B00868EAD /* AppDelegate.swift */,
				532BFBAA26DEA05B00868EAD /* SceneDelegate.swift */,
				532BFBB126DEA05D00868EAD /* Assets.xcassets */,
				532BFBB326DEA05D00868EAD /* LaunchScreen.storyboard */,
				532BFBB626DEA05D00868EAD /* Info.plist */,
			);
			path = demo;
			sourceTree = "<group>";
		};
		53A51AF9275A125400367D49 /* ViewControllers */ = {
			isa = PBXGroup;
			children = (
				53A51B03275A128400367D49 /* ModuleSelectionViewController.swift */,
				53A51AFD275A127400367D49 /* MapNavigation */,
				53A51AFA275A126B00367D49 /* MaplessNavigation */,
				53A51B0C275A213700367D49 /* AddressSearchViewController.swift */,
				532BFBAC26DEA05B00868EAD /* MainViewController.swift */,
				26ECBC94283607EA004189F6 /* CoordinateEntryViewController.swift */,
			);
			path = ViewControllers;
			sourceTree = "<group>";
		};
		53A51AFA275A126B00367D49 /* MaplessNavigation */ = {
			isa = PBXGroup;
			children = (
				53A51B00275A127400367D49 /* ManeuverViewController.swift */,
				53A51AFB275A126B00367D49 /* MaplessTimeAndDistanceViewController.swift */,
				53A51AFC275A126B00367D49 /* ModularMaplessNavigationViewController.swift */,
			);
			path = MaplessNavigation;
			sourceTree = "<group>";
		};
		53A51AFD275A127400367D49 /* MapNavigation */ = {
			isa = PBXGroup;
			children = (
				53A51AFE275A127400367D49 /* InstructionViewController.swift */,
				53A51AFF275A127400367D49 /* ModularMapNavigationViewController.swift */,
				53A51B01275A127400367D49 /* TimeAndDistanceViewController.swift */,
				536147D9275E06F000BE68C8 /* ManeuverAndDistanceViewController.swift */,
			);
			path = MapNavigation;
			sourceTree = "<group>";
		};
		58DD37E22008336D2B1C7E1E /* Frameworks */ = {
			isa = PBXGroup;
			children = (
				A4B1DC9D4D88574E42C55C63 /* Pods_demo.framework */,
			);
			name = Frameworks;
			sourceTree = "<group>";
		};
		868AF1F4A4D4504B45FA76BA /* Pods */ = {
			isa = PBXGroup;
			children = (
				A69BA763644F61D4CD90D72E /* Pods-demo.debug.xcconfig */,
				06BB81834E0317632DF38DE8 /* Pods-demo.release.xcconfig */,
			);
			path = Pods;
			sourceTree = "<group>";
		};
/* End PBXGroup section */

/* Begin PBXNativeTarget section */
		532BFBA426DEA05B00868EAD /* demo */ = {
			isa = PBXNativeTarget;
			buildConfigurationList = 532BFBB926DEA05D00868EAD /* Build configuration list for PBXNativeTarget "demo" */;
			buildPhases = (
				C5BEE21A8E1A3CC9F774311C /* [CP] Check Pods Manifest.lock */,
				532BFBA126DEA05B00868EAD /* Sources */,
				532BFBA226DEA05B00868EAD /* Frameworks */,
				532BFBA326DEA05B00868EAD /* Resources */,
				532BFBC126DEAD4200868EAD /* Embed PlugIns */,
				D7C79C7510AA19A276C91C29 /* [CP] Embed Pods Frameworks */,
			);
			buildRules = (
			);
			dependencies = (
			);
			name = demo;
			productName = demo;
			productReference = 532BFBA526DEA05B00868EAD /* demo.app */;
			productType = "com.apple.product-type.application";
		};
/* End PBXNativeTarget section */

/* Begin PBXProject section */
		532BFB9D26DEA05A00868EAD /* Project object */ = {
			isa = PBXProject;
			attributes = {
				LastSwiftUpdateCheck = 1250;
				LastUpgradeCheck = 1250;
				TargetAttributes = {
					532BFBA426DEA05B00868EAD = {
						CreatedOnToolsVersion = 12.5.1;
					};
				};
			};
			buildConfigurationList = 532BFBA026DEA05A00868EAD /* Build configuration list for PBXProject "demo" */;
			compatibilityVersion = "Xcode 9.3";
			developmentRegion = en;
			hasScannedForEncodings = 0;
			knownRegions = (
				en,
				Base,
			);
			mainGroup = 532BFB9C26DEA05A00868EAD;
			productRefGroup = 532BFBA626DEA05B00868EAD /* Products */;
			projectDirPath = "";
			projectRoot = "";
			targets = (
				532BFBA426DEA05B00868EAD /* demo */,
			);
		};
/* End PBXProject section */

/* Begin PBXResourcesBuildPhase section */
		532BFBA326DEA05B00868EAD /* Resources */ = {
			isa = PBXResourcesBuildPhase;
			buildActionMask = 2147483647;
			files = (
				532BFBB526DEA05D00868EAD /* LaunchScreen.storyboard in Resources */,
				532BFBBF26DEAD3300868EAD /* TrailzeResourceBundle.bundle in Resources */,
				532BFBB226DEA05D00868EAD /* Assets.xcassets in Resources */,
			);
			runOnlyForDeploymentPostprocessing = 0;
		};
/* End PBXResourcesBuildPhase section */

/* Begin PBXShellScriptBuildPhase section */
		C5BEE21A8E1A3CC9F774311C /* [CP] Check Pods Manifest.lock */ = {
			isa = PBXShellScriptBuildPhase;
			buildActionMask = 2147483647;
			files = (
			);
			inputFileListPaths = (
			);
			inputPaths = (
				"${PODS_PODFILE_DIR_PATH}/Podfile.lock",
				"${PODS_ROOT}/Manifest.lock",
			);
			name = "[CP] Check Pods Manifest.lock";
			outputFileListPaths = (
			);
			outputPaths = (
				"$(DERIVED_FILE_DIR)/Pods-demo-checkManifestLockResult.txt",
			);
			runOnlyForDeploymentPostprocessing = 0;
			shellPath = /bin/sh;
			shellScript = "diff \"${PODS_PODFILE_DIR_PATH}/Podfile.lock\" \"${PODS_ROOT}/Manifest.lock\" > /dev/null\nif [ $? != 0 ] ; then\n    # print error to STDERR\n    echo \"error: The sandbox is not in sync with the Podfile.lock. Run 'pod install' or update your CocoaPods installation.\" >&2\n    exit 1\nfi\n# This output is used by Xcode 'outputs' to avoid re-running this script phase.\necho \"SUCCESS\" > \"${SCRIPT_OUTPUT_FILE_0}\"\n";
			showEnvVarsInLog = 0;
		};
		D7C79C7510AA19A276C91C29 /* [CP] Embed Pods Frameworks */ = {
			isa = PBXShellScriptBuildPhase;
			buildActionMask = 2147483647;
			files = (
			);
			inputFileListPaths = (
				"${PODS_ROOT}/Target Support Files/Pods-demo/Pods-demo-frameworks-${CONFIGURATION}-input-files.xcfilelist",
			);
			name = "[CP] Embed Pods Frameworks";
			outputFileListPaths = (
				"${PODS_ROOT}/Target Support Files/Pods-demo/Pods-demo-frameworks-${CONFIGURATION}-output-files.xcfilelist",
			);
			runOnlyForDeploymentPostprocessing = 0;
			shellPath = /bin/sh;
			shellScript = "\"${PODS_ROOT}/Target Support Files/Pods-demo/Pods-demo-frameworks.sh\"\n";
			showEnvVarsInLog = 0;
		};
/* End PBXShellScriptBuildPhase section */

/* Begin PBXSourcesBuildPhase section */
		532BFBA126DEA05B00868EAD /* Sources */ = {
			isa = PBXSourcesBuildPhase;
			buildActionMask = 2147483647;
			files = (
				53A51B06275A14CE00367D49 /* ModularMapNavigationViewController.swift in Sources */,
				53A51B07275A14D100367D49 /* ManeuverViewController.swift in Sources */,
				26ECBC95283607EA004189F6 /* CoordinateEntryViewController.swift in Sources */,
				53A51B08275A14D300367D49 /* TimeAndDistanceViewController.swift in Sources */,
				53A51B0A275A14D900367D49 /* ModularMaplessNavigationViewController.swift in Sources */,
				53A51B09275A14D600367D49 /* MaplessTimeAndDistanceViewController.swift in Sources */,
				53A51B05275A14CB00367D49 /* InstructionViewController.swift in Sources */,
				536147DA275E06F000BE68C8 /* ManeuverAndDistanceViewController.swift in Sources */,
				532BFBAD26DEA05B00868EAD /* MainViewController.swift in Sources */,
				53A51B0D275A213700367D49 /* AddressSearchViewController.swift in Sources */,
				53A51B04275A14C400367D49 /* ModuleSelectionViewController.swift in Sources */,
				532BFBA926DEA05B00868EAD /* AppDelegate.swift in Sources */,
				532BFBAB26DEA05B00868EAD /* SceneDelegate.swift in Sources */,
			);
			runOnlyForDeploymentPostprocessing = 0;
		};
/* End PBXSourcesBuildPhase section */

/* Begin PBXVariantGroup section */
		532BFBB326DEA05D00868EAD /* LaunchScreen.storyboard */ = {
			isa = PBXVariantGroup;
			children = (
				532BFBB426DEA05D00868EAD /* Base */,
			);
			name = LaunchScreen.storyboard;
			sourceTree = "<group>";
		};
/* End PBXVariantGroup section */

/* Begin XCBuildConfiguration section */
		532BFBB726DEA05D00868EAD /* Debug */ = {
			isa = XCBuildConfiguration;
			buildSettings = {
				ALWAYS_SEARCH_USER_PATHS = NO;
				CLANG_ANALYZER_NONNULL = YES;
				CLANG_ANALYZER_NUMBER_OBJECT_CONVERSION = YES_AGGRESSIVE;
				CLANG_CXX_LANGUAGE_STANDARD = "gnu++14";
				CLANG_CXX_LIBRARY = "libc++";
				CLANG_ENABLE_MODULES = YES;
				CLANG_ENABLE_OBJC_ARC = YES;
				CLANG_ENABLE_OBJC_WEAK = YES;
				CLANG_WARN_BLOCK_CAPTURE_AUTORELEASING = YES;
				CLANG_WARN_BOOL_CONVERSION = YES;
				CLANG_WARN_COMMA = YES;
				CLANG_WARN_CONSTANT_CONVERSION = YES;
				CLANG_WARN_DEPRECATED_OBJC_IMPLEMENTATIONS = YES;
				CLANG_WARN_DIRECT_OBJC_ISA_USAGE = YES_ERROR;
				CLANG_WARN_DOCUMENTATION_COMMENTS = YES;
				CLANG_WARN_EMPTY_BODY = YES;
				CLANG_WARN_ENUM_CONVERSION = YES;
				CLANG_WARN_INFINITE_RECURSION = YES;
				CLANG_WARN_INT_CONVERSION = YES;
				CLANG_WARN_NON_LITERAL_NULL_CONVERSION = YES;
				CLANG_WARN_OBJC_IMPLICIT_RETAIN_SELF = YES;
				CLANG_WARN_OBJC_LITERAL_CONVERSION = YES;
				CLANG_WARN_OBJC_ROOT_CLASS = YES_ERROR;
				CLANG_WARN_QUOTED_INCLUDE_IN_FRAMEWORK_HEADER = YES;
				CLANG_WARN_RANGE_LOOP_ANALYSIS = YES;
				CLANG_WARN_STRICT_PROTOTYPES = YES;
				CLANG_WARN_SUSPICIOUS_MOVE = YES;
				CLANG_WARN_UNGUARDED_AVAILABILITY = YES_AGGRESSIVE;
				CLANG_WARN_UNREACHABLE_CODE = YES;
				CLANG_WARN__DUPLICATE_METHOD_MATCH = YES;
				COPY_PHASE_STRIP = NO;
				DEBUG_INFORMATION_FORMAT = dwarf;
				ENABLE_STRICT_OBJC_MSGSEND = YES;
				ENABLE_TESTABILITY = YES;
				GCC_C_LANGUAGE_STANDARD = gnu11;
				GCC_DYNAMIC_NO_PIC = NO;
				GCC_NO_COMMON_BLOCKS = YES;
				GCC_OPTIMIZATION_LEVEL = 0;
				GCC_PREPROCESSOR_DEFINITIONS = (
					"DEBUG=1",
					"$(inherited)",
				);
				GCC_WARN_64_TO_32_BIT_CONVERSION = YES;
				GCC_WARN_ABOUT_RETURN_TYPE = YES_ERROR;
				GCC_WARN_UNDECLARED_SELECTOR = YES;
				GCC_WARN_UNINITIALIZED_AUTOS = YES_AGGRESSIVE;
				GCC_WARN_UNUSED_FUNCTION = YES;
				GCC_WARN_UNUSED_VARIABLE = YES;
				IPHONEOS_DEPLOYMENT_TARGET = 13.0;
				MTL_ENABLE_DEBUG_INFO = INCLUDE_SOURCE;
				MTL_FAST_MATH = YES;
				ONLY_ACTIVE_ARCH = YES;
				SDKROOT = iphoneos;
				SWIFT_ACTIVE_COMPILATION_CONDITIONS = DEBUG;
				SWIFT_OPTIMIZATION_LEVEL = "-Onone";
			};
			name = Debug;
		};
		532BFBB826DEA05D00868EAD /* Release */ = {
			isa = XCBuildConfiguration;
			buildSettings = {
				ALWAYS_SEARCH_USER_PATHS = NO;
				CLANG_ANALYZER_NONNULL = YES;
				CLANG_ANALYZER_NUMBER_OBJECT_CONVERSION = YES_AGGRESSIVE;
				CLANG_CXX_LANGUAGE_STANDARD = "gnu++14";
				CLANG_CXX_LIBRARY = "libc++";
				CLANG_ENABLE_MODULES = YES;
				CLANG_ENABLE_OBJC_ARC = YES;
				CLANG_ENABLE_OBJC_WEAK = YES;
				CLANG_WARN_BLOCK_CAPTURE_AUTORELEASING = YES;
				CLANG_WARN_BOOL_CONVERSION = YES;
				CLANG_WARN_COMMA = YES;
				CLANG_WARN_CONSTANT_CONVERSION = YES;
				CLANG_WARN_DEPRECATED_OBJC_IMPLEMENTATIONS = YES;
				CLANG_WARN_DIRECT_OBJC_ISA_USAGE = YES_ERROR;
				CLANG_WARN_DOCUMENTATION_COMMENTS = YES;
				CLANG_WARN_EMPTY_BODY = YES;
				CLANG_WARN_ENUM_CONVERSION = YES;
				CLANG_WARN_INFINITE_RECURSION = YES;
				CLANG_WARN_INT_CONVERSION = YES;
				CLANG_WARN_NON_LITERAL_NULL_CONVERSION = YES;
				CLANG_WARN_OBJC_IMPLICIT_RETAIN_SELF = YES;
				CLANG_WARN_OBJC_LITERAL_CONVERSION = YES;
				CLANG_WARN_OBJC_ROOT_CLASS = YES_ERROR;
				CLANG_WARN_QUOTED_INCLUDE_IN_FRAMEWORK_HEADER = YES;
				CLANG_WARN_RANGE_LOOP_ANALYSIS = YES;
				CLANG_WARN_STRICT_PROTOTYPES = YES;
				CLANG_WARN_SUSPICIOUS_MOVE = YES;
				CLANG_WARN_UNGUARDED_AVAILABILITY = YES_AGGRESSIVE;
				CLANG_WARN_UNREACHABLE_CODE = YES;
				CLANG_WARN__DUPLICATE_METHOD_MATCH = YES;
				COPY_PHASE_STRIP = NO;
				DEBUG_INFORMATION_FORMAT = "dwarf-with-dsym";
				ENABLE_NS_ASSERTIONS = NO;
				ENABLE_STRICT_OBJC_MSGSEND = YES;
				GCC_C_LANGUAGE_STANDARD = gnu11;
				GCC_NO_COMMON_BLOCKS = YES;
				GCC_WARN_64_TO_32_BIT_CONVERSION = YES;
				GCC_WARN_ABOUT_RETURN_TYPE = YES_ERROR;
				GCC_WARN_UNDECLARED_SELECTOR = YES;
				GCC_WARN_UNINITIALIZED_AUTOS = YES_AGGRESSIVE;
				GCC_WARN_UNUSED_FUNCTION = YES;
				GCC_WARN_UNUSED_VARIABLE = YES;
				IPHONEOS_DEPLOYMENT_TARGET = 13.0;
				MTL_ENABLE_DEBUG_INFO = NO;
				MTL_FAST_MATH = YES;
				SDKROOT = iphoneos;
				SWIFT_COMPILATION_MODE = wholemodule;
				SWIFT_OPTIMIZATION_LEVEL = "-O";
				VALIDATE_PRODUCT = YES;
			};
			name = Release;
		};
		532BFBBA26DEA05D00868EAD /* Debug */ = {
			isa = XCBuildConfiguration;
			baseConfigurationReference = A69BA763644F61D4CD90D72E /* Pods-demo.debug.xcconfig */;
			buildSettings = {
				ASSETCATALOG_COMPILER_APPICON_NAME = AppIcon;
				ASSETCATALOG_COMPILER_GLOBAL_ACCENT_COLOR_NAME = AccentColor;
				CODE_SIGN_STYLE = Automatic;
				CURRENT_PROJECT_VERSION = 5;
				DEVELOPMENT_TEAM = EAK9WQ34RK;
				INFOPLIST_FILE = demo/Info.plist;
				LD_RUNPATH_SEARCH_PATHS = (
					"$(inherited)",
					"@executable_path/Frameworks",
				);
				MARKETING_VERSION = 1.0;
				PRODUCT_BUNDLE_IDENTIFIER = com.trailze.demo;
				PRODUCT_NAME = "$(TARGET_NAME)";
				SWIFT_COMPILATION_MODE = singlefile;
				SWIFT_VERSION = 5.0;
				TARGETED_DEVICE_FAMILY = 1;
			};
			name = Debug;
		};
		532BFBBB26DEA05D00868EAD /* Release */ = {
			isa = XCBuildConfiguration;
			baseConfigurationReference = 06BB81834E0317632DF38DE8 /* Pods-demo.release.xcconfig */;
			buildSettings = {
				ASSETCATALOG_COMPILER_APPICON_NAME = AppIcon;
				ASSETCATALOG_COMPILER_GLOBAL_ACCENT_COLOR_NAME = AccentColor;
				CODE_SIGN_STYLE = Automatic;
				CURRENT_PROJECT_VERSION = 5;
				DEVELOPMENT_TEAM = EAK9WQ34RK;
				INFOPLIST_FILE = demo/Info.plist;
				LD_RUNPATH_SEARCH_PATHS = (
					"$(inherited)",
					"@executable_path/Frameworks",
				);
				MARKETING_VERSION = 1.0;
				PRODUCT_BUNDLE_IDENTIFIER = com.trailze.demo;
				PRODUCT_NAME = "$(TARGET_NAME)";
				SWIFT_VERSION = 5.0;
				TARGETED_DEVICE_FAMILY = 1;
			};
			name = Release;
		};
/* End XCBuildConfiguration section */

/* Begin XCConfigurationList section */
		532BFBA026DEA05A00868EAD /* Build configuration list for PBXProject "demo" */ = {
			isa = XCConfigurationList;
			buildConfigurations = (
				532BFBB726DEA05D00868EAD /* Debug */,
				532BFBB826DEA05D00868EAD /* Release */,
			);
			defaultConfigurationIsVisible = 0;
			defaultConfigurationName = Release;
		};
		532BFBB926DEA05D00868EAD /* Build configuration list for PBXNativeTarget "demo" */ = {
			isa = XCConfigurationList;
			buildConfigurations = (
				532BFBBA26DEA05D00868EAD /* Debug */,
				532BFBBB26DEA05D00868EAD /* Release */,
			);
			defaultConfigurationIsVisible = 0;
			defaultConfigurationName = Release;
		};
/* End XCConfigurationList section */
	};
	rootObject = 532BFB9D26DEA05A00868EAD /* Project object */;
}
